# This file is automatically @generated by Cargo.
# It is not intended for manual editing.
version = 4

[[package]]
name = "bondnet-client"
version = "0.1.0"

[[package]]
name = "bondnet-core"
version = "0.1.0"
dependencies = [
 "bondnet-crypto",
 "bondnet-protocol",
 "bondnet-scheduler",
]

[[package]]
name = "bondnet-crypto"
version = "0.1.0"

[[package]]
name = "bondnet-protocol"
version = "0.1.0"

[[package]]
name = "bondnet-scheduler"
version = "0.1.0"

[[package]]
name = "bondnet-server"
version = "0.1.0"
